PODS:
  - Alamofire (4.2.0)
  - AttributedMarkdown (0.9.2)
  - Bugly (2.4.2)
  - DGElasticPullToRefresh (1.1)
  - IQKeyboardManagerSwift (4.0.7)
  - Kingfisher (3.2.1)
  - MBProgressHUD (1.0.0)
  - Moya (8.0.0-beta.4):
    - Moya/Core (= 8.0.0-beta.4)
  - Moya/Core (8.0.0-beta.4):
    - Alamofire (~> 4.0)
    - Result (~> 3.0)
  - ObjectMapper (2.2.1)
  - ReachabilitySwift (3)
  - Result (3.0.0)
  - SnapKit (3.0.2)
  - Static (2.0.0)
  - SwiftDate (4.0.7)
  - SwiftyJSON (3.1.3)

DEPENDENCIES:
  - Alamofire (~> 4.0)
  - AttributedMarkdown (from `https://github.com/dreamwieber/AttributedMarkdown.git`)
  - Bugly
  - DGElasticPullToRefresh
  - IQKeyboardManagerSwift
  - Kingfisher
  - MBProgressHUD
  - Moya (= 8.0.0-beta.4)
  - ObjectMapper
  - ReachabilitySwift
  - SnapKit
  - Static (from `https://github.com/flexih/Static.git`)
  - SwiftDate
  - SwiftyJSON

EXTERNAL SOURCES:
  AttributedMarkdown:
    :git: https://github.com/dreamwieber/AttributedMarkdown.git
  Static:
    :git: https://github.com/flexih/Static.git

CHECKOUT OPTIONS:
  AttributedMarkdown:
    :commit: 4aef3c80e0ffe6c7011c20c7f703ea56af774861
    :git: https://github.com/dreamwieber/AttributedMarkdown.git
  Static:
    :commit: d347ed3e0f371bcb043f3a2d4eefb422027004d8
    :git: https://github.com/flexih/Static.git

SPEC CHECKSUMS:
  Alamofire: aa2e09d871c9160ac53c90e83c68064a94e3dfbe
  AttributedMarkdown: ac5060667280be8cc8ee33a46c73e4ec6b17ca1a
  Bugly: b09cd3c7e54048a0e079be88a7a99610f14eab8f
  DGElasticPullToRefresh: 28f11a6026302a90f8ffebbc6e24748e584dddd3
  IQKeyboardManagerSwift: 58bbcf46b5cf9fd4ed625d28a60cb2fbae4ab0f4
  Kingfisher: 64ef28c6d3d6f344e3ae2d7f5c9da80439505d99
  MBProgressHUD: 4890f671c94e8a0f3cf959aa731e9de2f036d71a
  Moya: bad6f72ec40661f09a8cd85ab470226d2795a485
  ObjectMapper: 41e43e1a89f8060ef5ea5d04ba852e269a621d68
  ReachabilitySwift: f5b9bb30a0777fac8f09ce8b067e32faeb29bb64
  Result: 1b3e431f37cbcd3ad89c6aa9ab0ae55515fae3b6
  SnapKit: 2e456761aa92d4d4067a7a5594c18769d451a8ad
  Static: 024f1707c8b150599931560f62afce772dcca884
  SwiftDate: 0efb04a6751b1ab804049b2b09a69848cd304c12
  SwiftyJSON: 38a8ea2006779c0fc4c310cb2ee8195327740faf

PODFILE CHECKSUM: 41bd19734f2a58b7e6baf10e48caa1b010302c5f

COCOAPODS: 1.1.1
